
Microsoft Visual Studio Solution File, Format Version 12.00
# Visual Studio Version 17
VisualStudioVersion = 17.14.36930.0 d17.14
MinimumVisualStudioVersion = 10.0.40219.1
Project("{FAE04EC0-301F-11D3-BF4B-00C04F79EFBC}") = "SkinnyB", "SkinnyB\SkinnyB.csproj", "{E227784F-D3C1-4626-A67E-73FD0F1AC46E}"
EndProject
Global
	GlobalSection(SolutionConfigurationPlatforms) = preSolution
		Debug|Any CPU = Debug|Any CPU
		Release|Any CPU = Release|Any CPU
	EndGlobalSection
	GlobalSection(ProjectConfigurationPlatforms) = postSolution
		{E227784F-D3C1-4626-A67E-73FD0F1AC46E}.Debug|Any CPU.ActiveCfg = Debug|Any CPU
		{E227784F-D3C1-4626-A67E-73FD0F1AC46E}.Debug|Any CPU.Build.0 = Debug|Any CPU
		{E227784F-D3C1-4626-A67E-73FD0F1AC46E}.Release|Any CPU.ActiveCfg = Release|Any CPU
		{E227784F-D3C1-4626-A67E-73FD0F1AC46E}.Release|Any CPU.Build.0 = Release|Any CPU
	EndGlobalSection
	GlobalSection(SolutionProperties) = preSolution
		HideSolutionNode = FALSE
	EndGlobalSection
	GlobalSection(ExtensibilityGlobals) = postSolution
		SolutionGuid = {7D981680-AAB3-44C9-B201-F0325E80A43D}
	EndGlobalSection
EndGlobal
